
Microsoft Visual Studio Solution File, Format Version 12.00
# Visual Studio Version 16
VisualStudioVersion = 16.0.29519.87
MinimumVisualStudioVersion = 10.0.40219.1
Project("{9A19103F-16F7-4668-BE54-9A1E7A4F7556}") = "FM.LiveSwitch.Connect", "src\FM.LiveSwitch.Connect\FM.LiveSwitch.Connect.csproj", "{DFF5B5CA-5AEB-466C-AB76-65785C83E3EF}"
EndProject
Global
	GlobalSection(SolutionConfigurationPlatforms) = preSolution
		Debug|Any CPU = Debug|Any CPU
		Release|Any CPU = Release|Any CPU
	EndGlobalSection
	GlobalSection(ProjectConfigurationPlatforms) = postSolution
		{DFF5B5CA-5AEB-466C-AB76-65785C83E3EF}.Debug|Any CPU.ActiveCfg = Debug|Any CPU
		{DFF5B5CA-5AEB-466C-AB76-65785C83E3EF}.Debug|Any CPU.Build.0 = Debug|Any CPU
		{DFF5B5CA-5AEB-466C-AB76-65785C83E3EF}.Release|Any CPU.ActiveCfg = Release|Any CPU
		{DFF5B5CA-5AEB-466C-AB76-65785C83E3EF}.Release|Any CPU.Build.0 = Release|Any CPU
	EndGlobalSection
	GlobalSection(SolutionProperties) = preSolution
		HideSolutionNode = FALSE
	EndGlobalSection
	GlobalSection(ExtensibilityGlobals) = postSolution
		SolutionGuid = {624A11CC-B7CF-4B32-A71B-5E0EEEEA4724}
	EndGlobalSection
EndGlobal
